
Microsoft Visual Studio Solution File, Format Version 12.00
Project("{FAE04EC0-301F-11D3-BF4B-00C04F79EFBC}") = "ListEditor", "ListEditor\ListEditor.csproj", "{424066DD-9930-4E97-BCC1-7F730249E0E5}"
EndProject
Project("{FAE04EC0-301F-11D3-BF4B-00C04F79EFBC}") = "ListEditorConsole", "ListEditorConsole\ListEditorConsole.csproj", "{E3BD21DF-6EC0-49D1-8761-463A3695F5D0}"
EndProject
Global
	GlobalSection(SolutionConfigurationPlatforms) = preSolution
		Debug|Any CPU = Debug|Any CPU
		Release|Any CPU = Release|Any CPU
	EndGlobalSection
	GlobalSection(ProjectConfigurationPlatforms) = postSolution
		{424066DD-9930-4E97-BCC1-7F730249E0E5}.Debug|Any CPU.ActiveCfg = Debug|Any CPU
		{424066DD-9930-4E97-BCC1-7F730249E0E5}.Debug|Any CPU.Build.0 = Debug|Any CPU
		{424066DD-9930-4E97-BCC1-7F730249E0E5}.Release|Any CPU.ActiveCfg = Release|Any CPU
		{424066DD-9930-4E97-BCC1-7F730249E0E5}.Release|Any CPU.Build.0 = Release|Any CPU
		{E3BD21DF-6EC0-49D1-8761-463A3695F5D0}.Debug|Any CPU.ActiveCfg = Debug|Any CPU
		{E3BD21DF-6EC0-49D1-8761-463A3695F5D0}.Debug|Any CPU.Build.0 = Debug|Any CPU
		{E3BD21DF-6EC0-49D1-8761-463A3695F5D0}.Release|Any CPU.ActiveCfg = Release|Any CPU
		{E3BD21DF-6EC0-49D1-8761-463A3695F5D0}.Release|Any CPU.Build.0 = Release|Any CPU
	EndGlobalSection
EndGlobal
